// !$*UTF8*$!
{
	archiveVersion = 1;
	classes = {
	};
	objectVersion = 50;
	objects = {

/* Begin PBXBuildFile section */
		24309F3E21734CB300CC2139 /* AppDelegate.swift in Sources */ = {isa = PBXBuildFile; fileRef = 24309F3D21734CB300CC2139 /* AppDelegate.swift */; };
		24309F4321734CB300CC2139 /* Main.storyboard in Resources */ = {isa = PBXBuildFile; fileRef = 24309F4121734CB300CC2139 /* Main.storyboard */; };
		24309F4521734CB800CC2139 /* Assets.xcassets in Resources */ = {isa = PBXBuildFile; fileRef = 24309F4421734CB800CC2139 /* Assets.xcassets */; };
		24309F4821734CB800CC2139 /* LaunchScreen.storyboard in Resources */ = {isa = PBXBuildFile; fileRef = 24309F4621734CB800CC2139 /* LaunchScreen.storyboard */; };
		24309F5121734D2E00CC2139 /* libsqlite3.tbd in Frameworks */ = {isa = PBXBuildFile; fileRef = 24309F5021734D2E00CC2139 /* libsqlite3.tbd */; };
		24309F5321734D7900CC2139 /* libz.tbd in Frameworks */ = {isa = PBXBuildFile; fileRef = 24309F5221734D7900CC2139 /* libz.tbd */; };
		24309F5521734DAA00CC2139 /* AudioToolbox.framework in Frameworks */ = {isa = PBXBuildFile; fileRef = 24309F5421734DAA00CC2139 /* AudioToolbox.framework */; };
		24309F5721734DBC00CC2139 /* CFNetwork.framework in Frameworks */ = {isa = PBXBuildFile; fileRef = 24309F5621734DBC00CC2139 /* CFNetwork.framework */; };
		24309F5921734DD000CC2139 /* CoreGraphics.framework in Frameworks */ = {isa = PBXBuildFile; fileRef = 24309F5821734DD000CC2139 /* CoreGraphics.framework */; };
		24309F5B21734DDF00CC2139 /* CoreLocation.framework in Frameworks */ = {isa = PBXBuildFile; fileRef = 24309F5A21734DDF00CC2139 /* CoreLocation.framework */; };
		24309F5D21734DEF00CC2139 /* QuartzCore.framework in Frameworks */ = {isa = PBXBuildFile; fileRef = 24309F5C21734DEF00CC2139 /* QuartzCore.framework */; };
		24309F5F21734DFF00CC2139 /* Security.framework in Frameworks */ = {isa = PBXBuildFile; fileRef = 24309F5E21734DFF00CC2139 /* Security.framework */; };
		24309F6121734E1B00CC2139 /* StoreKit.framework in Frameworks */ = {isa = PBXBuildFile; fileRef = 24309F6021734E1B00CC2139 /* StoreKit.framework */; };
		24309F6321734E2E00CC2139 /* SystemConfiguration.framework in Frameworks */ = {isa = PBXBuildFile; fileRef = 24309F6221734E2E00CC2139 /* SystemConfiguration.framework */; };
		24309F6621734F5900CC2139 /* Parse.framework in Frameworks */ = {isa = PBXBuildFile; fileRef = 24309F6421734F5900CC2139 /* Parse.framework */; };
		24309F6721734F5A00CC2139 /* Bolts.framework in Frameworks */ = {isa = PBXBuildFile; fileRef = 24309F6521734F5900CC2139 /* Bolts.framework */; };
		24309F6B21739BE900CC2139 /* SignUpViewController.swift in Sources */ = {isa = PBXBuildFile; fileRef = 24309F6A21739BE900CC2139 /* SignUpViewController.swift */; };
		24309F6D21739C1300CC2139 /* LogInViewController.swift in Sources */ = {isa = PBXBuildFile; fileRef = 24309F6C21739C1300CC2139 /* LogInViewController.swift */; };
		24309F7221762C5A00CC2139 /* ProfileViewController.swift in Sources */ = {isa = PBXBuildFile; fileRef = 24309F7121762C5A00CC2139 /* ProfileViewController.swift */; };
		24309F7521762CB400CC2139 /* ProfileHeaderView.swift in Sources */ = {isa = PBXBuildFile; fileRef = 24309F7421762CB400CC2139 /* ProfileHeaderView.swift */; };
		24309F7721762FC300CC2139 /* ProfilePictureCell.swift in Sources */ = {isa = PBXBuildFile; fileRef = 24309F7621762FC300CC2139 /* ProfilePictureCell.swift */; };
/* End PBXBuildFile section */

/* Begin PBXFileReference section */
		24309F3A21734CB300CC2139 /* InstagramView.app */ = {isa = PBXFileReference; explicitFileType = wrapper.application; includeInIndex = 0; path = InstagramView.app; sourceTree = BUILT_PRODUCTS_DIR; };
		24309F3D21734CB300CC2139 /* AppDelegate.swift */ = {isa = PBXFileReference; lastKnownFileType = sourcecode.swift; path = AppDelegate.swift; sourceTree = "<group>"; };
		24309F4221734CB300CC2139 /* Base */ = {isa = PBXFileReference; lastKnownFileType = file.storyboard; name = Base; path = Base.lproj/Main.storyboard; sourceTree = "<group>"; };
		24309F4421734CB800CC2139 /* Assets.xcassets */ = {isa = PBXFileReference; lastKnownFileType = folder.assetcatalog; path = Assets.xcassets; sourceTree = "<group>"; };
		24309F4721734CB800CC2139 /* Base */ = {isa = PBXFileReference; lastKnownFileType = file.storyboard; name = Base; path = Base.lproj/LaunchScreen.storyboard; sourceTree = "<group>"; };
		24309F4921734CB800CC2139 /* Info.plist */ = {isa = PBXFileReference; lastKnownFileType = text.plist.xml; path = Info.plist; sourceTree = "<group>"; };
		24309F5021734D2E00CC2139 /* libsqlite3.tbd */ = {isa = PBXFileReference; lastKnownFileType = "sourcecode.text-based-dylib-definition"; name = libsqlite3.tbd; path = usr/lib/libsqlite3.tbd; sourceTree = SDKROOT; };
		24309F5221734D7900CC2139 /* libz.tbd */ = {isa = PBXFileReference; lastKnownFileType = "sourcecode.text-based-dylib-definition"; name = libz.tbd; path = usr/lib/libz.tbd; sourceTree = SDKROOT; };
		24309F5421734DAA00CC2139 /* AudioToolbox.framework */ = {isa = PBXFileReference; lastKnownFileType = wrapper.framework; name = AudioToolbox.framework; path = System/Library/Frameworks/AudioToolbox.framework; sourceTree = SDKROOT; };
		24309F5621734DBC00CC2139 /* CFNetwork.framework */ = {isa = PBXFileReference; lastKnownFileType = wrapper.framework; name = CFNetwork.framework; path = System/Library/Frameworks/CFNetwork.framework; sourceTree = SDKROOT; };
		24309F5821734DD000CC2139 /* CoreGraphics.framework */ = {isa = PBXFileReference; lastKnownFileType = wrapper.framework; name = CoreGraphics.framework; path = System/Library/Frameworks/CoreGraphics.framework; sourceTree = SDKROOT; };
		24309F5A21734DDF00CC2139 /* CoreLocation.framework */ = {isa = PBXFileReference; lastKnownFileType = wrapper.framework; name = CoreLocation.framework; path = System/Library/Frameworks/CoreLocation.framework; sourceTree = SDKROOT; };
		24309F5C21734DEF00CC2139 /* QuartzCore.framework */ = {isa = PBXFileReference; lastKnownFileType = wrapper.framework; name = QuartzCore.framework; path = System/Library/Frameworks/QuartzCore.framework; sourceTree = SDKROOT; };
		24309F5E21734DFF00CC2139 /* Security.framework */ = {isa = PBXFileReference; lastKnownFileType = wrapper.framework; name = Security.framework; path = System/Library/Frameworks/Security.framework; sourceTree = SDKROOT; };
		24309F6021734E1B00CC2139 /* StoreKit.framework */ = {isa = PBXFileReference; lastKnownFileType = wrapper.framework; name = StoreKit.framework; path = System/Library/Frameworks/StoreKit.framework; sourceTree = SDKROOT; };
		24309F6221734E2E00CC2139 /* SystemConfiguration.framework */ = {isa = PBXFileReference; lastKnownFileType = wrapper.framework; name = SystemConfiguration.framework; path = System/Library/Frameworks/SystemConfiguration.framework; sourceTree = SDKROOT; };
		24309F6421734F5900CC2139 /* Parse.framework */ = {isa = PBXFileReference; lastKnownFileType = wrapper.framework; path = Parse.framework; sourceTree = "<group>"; };
		24309F6521734F5900CC2139 /* Bolts.framework */ = {isa = PBXFileReference; lastKnownFileType = wrapper.framework; path = Bolts.framework; sourceTree = "<group>"; };
		24309F6A21739BE900CC2139 /* SignUpViewController.swift */ = {isa = PBXFileReference; lastKnownFileType = sourcecode.swift; path = SignUpViewController.swift; sourceTree = "<group>"; };
		24309F6C21739C1300CC2139 /* LogInViewController.swift */ = {isa = PBXFileReference; lastKnownFileType = sourcecode.swift; path = LogInViewController.swift; sourceTree = "<group>"; };
		24309F7121762C5A00CC2139 /* ProfileViewController.swift */ = {isa = PBXFileReference; lastKnownFileType = sourcecode.swift; path = ProfileViewController.swift; sourceTree = "<group>"; };
		24309F7421762CB400CC2139 /* ProfileHeaderView.swift */ = {isa = PBXFileReference; lastKnownFileType = sourcecode.swift; path = ProfileHeaderView.swift; sourceTree = "<group>"; };
		24309F7621762FC300CC2139 /* ProfilePictureCell.swift */ = {isa = PBXFileReference; lastKnownFileType = sourcecode.swift; path = ProfilePictureCell.swift; sourceTree = "<group>"; };
/* End PBXFileReference section */

/* Begin PBXFrameworksBuildPhase section */
		24309F3721734CB300CC2139 /* Frameworks */ = {
			isa = PBXFrameworksBuildPhase;
			buildActionMask = 2147483647;
			files = (
				24309F6321734E2E00CC2139 /* SystemConfiguration.framework in Frameworks */,
				24309F6121734E1B00CC2139 /* StoreKit.framework in Frameworks */,
				24309F5F21734DFF00CC2139 /* Security.framework in Frameworks */,
				24309F6721734F5A00CC2139 /* Bolts.framework in Frameworks */,
				24309F5D21734DEF00CC2139 /* QuartzCore.framework in Frameworks */,
				24309F5B21734DDF00CC2139 /* CoreLocation.framework in Frameworks */,
				24309F5921734DD000CC2139 /* CoreGraphics.framework in Frameworks */,
				24309F6621734F5900CC2139 /* Parse.framework in Frameworks */,
				24309F5721734DBC00CC2139 /* CFNetwork.framework in Frameworks */,
				24309F5521734DAA00CC2139 /* AudioToolbox.framework in Frameworks */,
				24309F5321734D7900CC2139 /* libz.tbd in Frameworks */,
				24309F5121734D2E00CC2139 /* libsqlite3.tbd in Frameworks */,
			);
			runOnlyForDeploymentPostprocessing = 0;
		};
/* End PBXFrameworksBuildPhase section */

/* Begin PBXGroup section */
		24309F3121734CB300CC2139 = {
			isa = PBXGroup;
			children = (
				24309F6521734F5900CC2139 /* Bolts.framework */,
				24309F6421734F5900CC2139 /* Parse.framework */,
				24309F3C21734CB300CC2139 /* InstagramView */,
				24309F3B21734CB300CC2139 /* Products */,
				24309F4F21734D2D00CC2139 /* Frameworks */,
			);
			sourceTree = "<group>";
		};
		24309F3B21734CB300CC2139 /* Products */ = {
			isa = PBXGroup;
			children = (
				24309F3A21734CB300CC2139 /* InstagramView.app */,
			);
			name = Products;
			sourceTree = "<group>";
		};
		24309F3C21734CB300CC2139 /* InstagramView */ = {
			isa = PBXGroup;
			children = (
				24309F7321762C7B00CC2139 /* View */,
				24309F6E21739C8700CC2139 /* Controller */,
				24309F3D21734CB300CC2139 /* AppDelegate.swift */,
				24309F4121734CB300CC2139 /* Main.storyboard */,
				24309F4421734CB800CC2139 /* Assets.xcassets */,
				24309F4621734CB800CC2139 /* LaunchScreen.storyboard */,
				24309F4921734CB800CC2139 /* Info.plist */,
			);
			path = InstagramView;
			sourceTree = "<group>";
		};
		24309F4F21734D2D00CC2139 /* Frameworks */ = {
			isa = PBXGroup;
			children = (
				24309F6221734E2E00CC2139 /* SystemConfiguration.framework */,
				24309F6021734E1B00CC2139 /* StoreKit.framework */,
				24309F5E21734DFF00CC2139 /* Security.framework */,
				24309F5C21734DEF00CC2139 /* QuartzCore.framework */,
				24309F5A21734DDF00CC2139 /* CoreLocation.framework */,
				24309F5821734DD000CC2139 /* CoreGraphics.framework */,
				24309F5621734DBC00CC2139 /* CFNetwork.framework */,
				24309F5421734DAA00CC2139 /* AudioToolbox.framework */,
				24309F5221734D7900CC2139 /* libz.tbd */,
				24309F5021734D2E00CC2139 /* libsqlite3.tbd */,
			);
			name = Frameworks;
			sourceTree = "<group>";
		};
		24309F6E21739C8700CC2139 /* Controller */ = {
			isa = PBXGroup;
			children = (
				24309F7021762C2D00CC2139 /* Profile */,
				24309F6F21739CA700CC2139 /* SignUpAndLogIn */,
			);
			path = Controller;
			sourceTree = "<group>";
		};
		24309F6F21739CA700CC2139 /* SignUpAndLogIn */ = {
			isa = PBXGroup;
			children = (
				24309F6A21739BE900CC2139 /* SignUpViewController.swift */,
				24309F6C21739C1300CC2139 /* LogInViewController.swift */,
			);
			path = SignUpAndLogIn;
			sourceTree = "<group>";
		};
		24309F7021762C2D00CC2139 /* Profile */ = {
			isa = PBXGroup;
			children = (
				24309F7121762C5A00CC2139 /* ProfileViewController.swift */,
			);
			path = Profile;
			sourceTree = "<group>";
		};
		24309F7321762C7B00CC2139 /* View */ = {
			isa = PBXGroup;
			children = (
				24309F7421762CB400CC2139 /* ProfileHeaderView.swift */,
				24309F7621762FC300CC2139 /* ProfilePictureCell.swift */,
			);
			path = View;
			sourceTree = "<group>";
		};
/* End PBXGroup section */

/* Begin PBXNativeTarget section */
		24309F3921734CB300CC2139 /* InstagramView */ = {
			isa = PBXNativeTarget;
			buildConfigurationList = 24309F4C21734CB800CC2139 /* Build configuration list for PBXNativeTarget "InstagramView" */;
			buildPhases = (
				24309F3621734CB300CC2139 /* Sources */,
				24309F3721734CB300CC2139 /* Frameworks */,
				24309F3821734CB300CC2139 /* Resources */,
			);
			buildRules = (
			);
			dependencies = (
			);
			name = InstagramView;
			productName = InstagramView;
			productReference = 24309F3A21734CB300CC2139 /* InstagramView.app */;
			productType = "com.apple.product-type.application";
		};
/* End PBXNativeTarget section */

/* Begin PBXProject section */
		24309F3221734CB300CC2139 /* Project object */ = {
			isa = PBXProject;
			attributes = {
				LastSwiftUpdateCheck = 0940;
				LastUpgradeCheck = 0940;
				ORGANIZATIONNAME = ZJH;
				TargetAttributes = {
					24309F3921734CB300CC2139 = {
						CreatedOnToolsVersion = 9.4.1;
					};
				};
			};
			buildConfigurationList = 24309F3521734CB300CC2139 /* Build configuration list for PBXProject "InstagramView" */;
			compatibilityVersion = "Xcode 9.3";
			developmentRegion = en;
			hasScannedForEncodings = 0;
			knownRegions = (
				en,
				Base,
			);
			mainGroup = 24309F3121734CB300CC2139;
			productRefGroup = 24309F3B21734CB300CC2139 /* Products */;
			projectDirPath = "";
			projectRoot = "";
			targets = (
				24309F3921734CB300CC2139 /* InstagramView */,
			);
		};
/* End PBXProject section */

/* Begin PBXResourcesBuildPhase section */
		24309F3821734CB300CC2139 /* Resources */ = {
			isa = PBXResourcesBuildPhase;
			buildActionMask = 2147483647;
			files = (
				24309F4821734CB800CC2139 /* LaunchScreen.storyboard in Resources */,
				24309F4521734CB800CC2139 /* Assets.xcassets in Resources */,
				24309F4321734CB300CC2139 /* Main.storyboard in Resources */,
			);
			runOnlyForDeploymentPostprocessing = 0;
		};
/* End PBXResourcesBuildPhase section */

/* Begin PBXSourcesBuildPhase section */
		24309F3621734CB300CC2139 /* Sources */ = {
			isa = PBXSourcesBuildPhase;
			buildActionMask = 2147483647;
			files = (
				24309F7721762FC300CC2139 /* ProfilePictureCell.swift in Sources */,
				24309F6B21739BE900CC2139 /* SignUpViewController.swift in Sources */,
				24309F3E21734CB300CC2139 /* AppDelegate.swift in Sources */,
				24309F7521762CB400CC2139 /* ProfileHeaderView.swift in Sources */,
				24309F7221762C5A00CC2139 /* ProfileViewController.swift in Sources */,
				24309F6D21739C1300CC2139 /* LogInViewController.swift in Sources */,
			);
			runOnlyForDeploymentPostprocessing = 0;
		};
/* End PBXSourcesBuildPhase section */

/* Begin PBXVariantGroup section */
		24309F4121734CB300CC2139 /* Main.storyboard */ = {
			isa = PBXVariantGroup;
			children = (
				24309F4221734CB300CC2139 /* Base */,
			);
			name = Main.storyboard;
			sourceTree = "<group>";
		};
		24309F4621734CB800CC2139 /* LaunchScreen.storyboard */ = {
			isa = PBXVariantGroup;
			children = (
				24309F4721734CB800CC2139 /* Base */,
			);
			name = LaunchScreen.storyboard;
			sourceTree = "<group>";
		};
/* End PBXVariantGroup section */

/* Begin XCBuildConfiguration section */
		24309F4A21734CB800CC2139 /* Debug */ = {
			isa = XCBuildConfiguration;
			buildSettings = {
				ALWAYS_SEARCH_USER_PATHS = NO;
				CLANG_ANALYZER_NONNULL = YES;
				CLANG_ANALYZER_NUMBER_OBJECT_CONVERSION = YES_AGGRESSIVE;
				CLANG_CXX_LANGUAGE_STANDARD = "gnu++14";
				CLANG_CXX_LIBRARY = "libc++";
				CLANG_ENABLE_MODULES = YES;
				CLANG_ENABLE_OBJC_ARC = YES;
				CLANG_ENABLE_OBJC_WEAK = YES;
				CLANG_WARN_BLOCK_CAPTURE_AUTORELEASING = YES;
				CLANG_WARN_BOOL_CONVERSION = YES;
				CLANG_WARN_COMMA = YES;
				CLANG_WARN_CONSTANT_CONVERSION = YES;
				CLANG_WARN_DEPRECATED_OBJC_IMPLEMENTATIONS = YES;
				CLANG_WARN_DIRECT_OBJC_ISA_USAGE = YES_ERROR;
				CLANG_WARN_DOCUMENTATION_COMMENTS = YES;
				CLANG_WARN_EMPTY_BODY = YES;
				CLANG_WARN_ENUM_CONVERSION = YES;
				CLANG_WARN_INFINITE_RECURSION = YES;
				CLANG_WARN_INT_CONVERSION = YES;
				CLANG_WARN_NON_LITERAL_NULL_CONVERSION = YES;
				CLANG_WARN_OBJC_IMPLICIT_RETAIN_SELF = YES;
				CLANG_WARN_OBJC_LITERAL_CONVERSION = YES;
				CLANG_WARN_OBJC_ROOT_CLASS = YES_ERROR;
				CLANG_WARN_RANGE_LOOP_ANALYSIS = YES;
				CLANG_WARN_STRICT_PROTOTYPES = YES;
				CLANG_WARN_SUSPICIOUS_MOVE = YES;
				CLANG_WARN_UNGUARDED_AVAILABILITY = YES_AGGRESSIVE;
				CLANG_WARN_UNREACHABLE_CODE = YES;
				CLANG_WARN__DUPLICATE_METHOD_MATCH = YES;
				CODE_SIGN_IDENTITY = "iPhone Developer";
				COPY_PHASE_STRIP = NO;
				DEBUG_INFORMATION_FORMAT = dwarf;
				ENABLE_STRICT_OBJC_MSGSEND = YES;
				ENABLE_TESTABILITY = YES;
				GCC_C_LANGUAGE_STANDARD = gnu11;
				GCC_DYNAMIC_NO_PIC = NO;
				GCC_NO_COMMON_BLOCKS = YES;
				GCC_OPTIMIZATION_LEVEL = 0;
				GCC_PREPROCESSOR_DEFINITIONS = (
					"DEBUG=1",
					"$(inherited)",
				);
				GCC_WARN_64_TO_32_BIT_CONVERSION = YES;
				GCC_WARN_ABOUT_RETURN_TYPE = YES_ERROR;
				GCC_WARN_UNDECLARED_SELECTOR = YES;
				GCC_WARN_UNINITIALIZED_AUTOS = YES_AGGRESSIVE;
				GCC_WARN_UNUSED_FUNCTION = YES;
				GCC_WARN_UNUSED_VARIABLE = YES;
				IPHONEOS_DEPLOYMENT_TARGET = 11.4;
				MTL_ENABLE_DEBUG_INFO = YES;
				ONLY_ACTIVE_ARCH = YES;
				SDKROOT = iphoneos;
				SWIFT_ACTIVE_COMPILATION_CONDITIONS = DEBUG;
				SWIFT_OPTIMIZATION_LEVEL = "-Onone";
			};
			name = Debug;
		};
		24309F4B21734CB800CC2139 /* Release */ = {
			isa = XCBuildConfiguration;
			buildSettings = {
				ALWAYS_SEARCH_USER_PATHS = NO;
				CLANG_ANALYZER_NONNULL = YES;
				CLANG_ANALYZER_NUMBER_OBJECT_CONVERSION = YES_AGGRESSIVE;
				CLANG_CXX_LANGUAGE_STANDARD = "gnu++14";
				CLANG_CXX_LIBRARY = "libc++";
				CLANG_ENABLE_MODULES = YES;
				CLANG_ENABLE_OBJC_ARC = YES;
				CLANG_ENABLE_OBJC_WEAK = YES;
				CLANG_WARN_BLOCK_CAPTURE_AUTORELEASING = YES;
				CLANG_WARN_BOOL_CONVERSION = YES;
				CLANG_WARN_COMMA = YES;
				CLANG_WARN_CONSTANT_CONVERSION = YES;
				CLANG_WARN_DEPRECATED_OBJC_IMPLEMENTATIONS = YES;
				CLANG_WARN_DIRECT_OBJC_ISA_USAGE = YES_ERROR;
				CLANG_WARN_DOCUMENTATION_COMMENTS = YES;
				CLANG_WARN_EMPTY_BODY = YES;
				CLANG_WARN_ENUM_CONVERSION = YES;
				CLANG_WARN_INFINITE_RECURSION = YES;
				CLANG_WARN_INT_CONVERSION = YES;
				CLANG_WARN_NON_LITERAL_NULL_CONVERSION = YES;
				CLANG_WARN_OBJC_IMPLICIT_RETAIN_SELF = YES;
				CLANG_WARN_OBJC_LITERAL_CONVERSION = YES;
				CLANG_WARN_OBJC_ROOT_CLASS = YES_ERROR;
				CLANG_WARN_RANGE_LOOP_ANALYSIS = YES;
				CLANG_WARN_STRICT_PROTOTYPES = YES;
				CLANG_WARN_SUSPICIOUS_MOVE = YES;
				CLANG_WARN_UNGUARDED_AVAILABILITY = YES_AGGRESSIVE;
				CLANG_WARN_UNREACHABLE_CODE = YES;
				CLANG_WARN__DUPLICATE_METHOD_MATCH = YES;
				CODE_SIGN_IDENTITY = "iPhone Developer";
				COPY_PHASE_STRIP = NO;
				DEBUG_INFORMATION_FORMAT = "dwarf-with-dsym";
				ENABLE_NS_ASSERTIONS = NO;
				ENABLE_STRICT_OBJC_MSGSEND = YES;
				GCC_C_LANGUAGE_STANDARD = gnu11;
				GCC_NO_COMMON_BLOCKS = YES;
				GCC_WARN_64_TO_32_BIT_CONVERSION = YES;
				GCC_WARN_ABOUT_RETURN_TYPE = YES_ERROR;
				GCC_WARN_UNDECLARED_SELECTOR = YES;
				GCC_WARN_UNINITIALIZED_AUTOS = YES_AGGRESSIVE;
				GCC_WARN_UNUSED_FUNCTION = YES;
				GCC_WARN_UNUSED_VARIABLE = YES;
				IPHONEOS_DEPLOYMENT_TARGET = 11.4;
				MTL_ENABLE_DEBUG_INFO = NO;
				SDKROOT = iphoneos;
				SWIFT_COMPILATION_MODE = wholemodule;
				SWIFT_OPTIMIZATION_LEVEL = "-O";
				VALIDATE_PRODUCT = YES;
			};
			name = Release;
		};
		24309F4D21734CB800CC2139 /* Debug */ = {
			isa = XCBuildConfiguration;
			buildSettings = {
				ASSETCATALOG_COMPILER_APPICON_NAME = AppIcon;
				CODE_SIGN_STYLE = Automatic;
				DEVELOPMENT_TEAM = 5863SQU82D;
				FRAMEWORK_SEARCH_PATHS = (
					"$(inherited)",
					"$(PROJECT_DIR)",
				);
				INFOPLIST_FILE = InstagramView/Info.plist;
				LD_RUNPATH_SEARCH_PATHS = (
					"$(inherited)",
					"@executable_path/Frameworks",
				);
				PRODUCT_BUNDLE_IDENTIFIER = com.devslopes.InstagramView;
				PRODUCT_NAME = "$(TARGET_NAME)";
				SWIFT_VERSION = 4.0;
				TARGETED_DEVICE_FAMILY = "1,2";
			};
			name = Debug;
		};
		24309F4E21734CB800CC2139 /* Release */ = {
			isa = XCBuildConfiguration;
			buildSettings = {
				ASSETCATALOG_COMPILER_APPICON_NAME = AppIcon;
				CODE_SIGN_STYLE = Automatic;
				DEVELOPMENT_TEAM = 5863SQU82D;
				FRAMEWORK_SEARCH_PATHS = (
					"$(inherited)",
					"$(PROJECT_DIR)",
				);
				INFOPLIST_FILE = InstagramView/Info.plist;
				LD_RUNPATH_SEARCH_PATHS = (
					"$(inherited)",
					"@executable_path/Frameworks",
				);
				PRODUCT_BUNDLE_IDENTIFIER = com.devslopes.InstagramView;
				PRODUCT_NAME = "$(TARGET_NAME)";
				SWIFT_VERSION = 4.0;
				TARGETED_DEVICE_FAMILY = "1,2";
			};
			name = Release;
		};
/* End XCBuildConfiguration section */

/* Begin XCConfigurationList section */
		24309F3521734CB300CC2139 /* Build configuration list for PBXProject "InstagramView" */ = {
			isa = XCConfigurationList;
			buildConfigurations = (
				24309F4A21734CB800CC2139 /* Debug */,
				24309F4B21734CB800CC2139 /* Release */,
			);
			defaultConfigurationIsVisible = 0;
			defaultConfigurationName = Release;
		};
		24309F4C21734CB800CC2139 /* Build configuration list for PBXNativeTarget "InstagramView" */ = {
			isa = XCConfigurationList;
			buildConfigurations = (
				24309F4D21734CB800CC2139 /* Debug */,
				24309F4E21734CB800CC2139 /* Release */,
			);
			defaultConfigurationIsVisible = 0;
			defaultConfigurationName = Release;
		};
/* End XCConfigurationList section */
	};
	rootObject = 24309F3221734CB300CC2139 /* Project object */;
}
